
Microsoft Visual Studio Solution File, Format Version 12.00
# Visual Studio Version 18
VisualStudioVersion = 18.2.11408.102 d18.0
MinimumVisualStudioVersion = 10.0.40219.1
Project("{FAE04EC0-301F-11D3-BF4B-00C04F79EFBC}") = "APM.StaffZen.API", "APM.StaffZen.API.csproj", "{CF869131-5C88-978A-0A11-682AEBB8D0E1}"
EndProject
Global
	GlobalSection(SolutionConfigurationPlatforms) = preSolution
		Debug|Any CPU = Debug|Any CPU
		Release|Any CPU = Release|Any CPU
	EndGlobalSection
	GlobalSection(ProjectConfigurationPlatforms) = postSolution
		{CF869131-5C88-978A-0A11-682AEBB8D0E1}.Debug|Any CPU.ActiveCfg = Debug|Any CPU
		{CF869131-5C88-978A-0A11-682AEBB8D0E1}.Debug|Any CPU.Build.0 = Debug|Any CPU
		{CF869131-5C88-978A-0A11-682AEBB8D0E1}.Release|Any CPU.ActiveCfg = Release|Any CPU
		{CF869131-5C88-978A-0A11-682AEBB8D0E1}.Release|Any CPU.Build.0 = Release|Any CPU
	EndGlobalSection
	GlobalSection(SolutionProperties) = preSolution
		HideSolutionNode = FALSE
	EndGlobalSection
	GlobalSection(ExtensibilityGlobals) = postSolution
		SolutionGuid = {01976E8D-4FC4-4317-8C41-B13AF3A9A364}
	EndGlobalSection
EndGlobal
